Microsoft Visual Studio Solution File, Format Version 12.00
# Visual Studio Version 17
VisualStudioVersion = 17.5.2.0
MinimumVisualStudioVersion = 10.0.40219.1
Project("{FAE04EC0-301F-11D3-BF4B-00C04F79EFBC}") = "ExcelToJson", "ExcelToJson.csproj", "{280D0756-7E0D-14D1-7049-3430854BF152}"
EndProject
Global
	GlobalSection(SolutionConfigurationPlatforms) = preSolution
		Debug|Any CPU = Debug|Any CPU
		Release|Any CPU = Release|Any CPU
	EndGlobalSection
	GlobalSection(ProjectConfigurationPlatforms) = postSolution
		{280D0756-7E0D-14D1-7049-3430854BF152}.Debug|Any CPU.ActiveCfg = Debug|Any CPU
		{280D0756-7E0D-14D1-7049-3430854BF152}.Debug|Any CPU.Build.0 = Debug|Any CPU
		{280D0756-7E0D-14D1-7049-3430854BF152}.Release|Any CPU.ActiveCfg = Release|Any CPU
		{280D0756-7E0D-14D1-7049-3430854BF152}.Release|Any CPU.Build.0 = Release|Any CPU
	EndGlobalSection
	GlobalSection(SolutionProperties) = preSolution
		HideSolutionNode = FALSE
	EndGlobalSection
	GlobalSection(ExtensibilityGlobals) = postSolution
		SolutionGuid = {BE0815DD-C733-45D9-89D7-2C3C22402E6C}
	EndGlobalSection
EndGlobal
